
Microsoft Visual Studio Solution File, Format Version 12.00
# Visual Studio 15
VisualStudioVersion = 15.0.28307.329
MinimumVisualStudioVersion = 10.0.40219.1
Project("{FAE04EC0-301F-11D3-BF4B-00C04F79EFBC}") = "WSUnit06.Ecample3.Data", "WSUnit06.Ecample3.Data\WSUnit06.Ecample3.Data.csproj", "{408A3227-E55C-48F5-80B6-FADFE9825A44}"
EndProject
Project("{FAE04EC0-301F-11D3-BF4B-00C04F79EFBC}") = "WSUnit06.Example3.Application", "WSUnit06.Example3.Application\WSUnit06.Example3.Application.csproj", "{4217A83B-F40F-4819-81EE-A15895FDA50D}"
EndProject
Project("{FAE04EC0-301F-11D3-BF4B-00C04F79EFBC}") = "WSUnit06.Example3.Web", "WSUnit06.Example3.Web\WSUnit06.Example3.Web.csproj", "{77B06803-22BA-4C6F-B95D-AF0A646C958C}"
EndProject
Global
	GlobalSection(SolutionConfigurationPlatforms) = preSolution
		Debug|Any CPU = Debug|Any CPU
		Release|Any CPU = Release|Any CPU
	EndGlobalSection
	GlobalSection(ProjectConfigurationPlatforms) = postSolution
		{408A3227-E55C-48F5-80B6-FADFE9825A44}.Debug|Any CPU.ActiveCfg = Debug|Any CPU
		{408A3227-E55C-48F5-80B6-FADFE9825A44}.Debug|Any CPU.Build.0 = Debug|Any CPU
		{408A3227-E55C-48F5-80B6-FADFE9825A44}.Release|Any CPU.ActiveCfg = Release|Any CPU
		{408A3227-E55C-48F5-80B6-FADFE9825A44}.Release|Any CPU.Build.0 = Release|Any CPU
		{4217A83B-F40F-4819-81EE-A15895FDA50D}.Debug|Any CPU.ActiveCfg = Debug|Any CPU
		{4217A83B-F40F-4819-81EE-A15895FDA50D}.Debug|Any CPU.Build.0 = Debug|Any CPU
		{4217A83B-F40F-4819-81EE-A15895FDA50D}.Release|Any CPU.ActiveCfg = Release|Any CPU
		{4217A83B-F40F-4819-81EE-A15895FDA50D}.Release|Any CPU.Build.0 = Release|Any CPU
		{77B06803-22BA-4C6F-B95D-AF0A646C958C}.Debug|Any CPU.ActiveCfg = Debug|Any CPU
		{77B06803-22BA-4C6F-B95D-AF0A646C958C}.Debug|Any CPU.Build.0 = Debug|Any CPU
		{77B06803-22BA-4C6F-B95D-AF0A646C958C}.Release|Any CPU.ActiveCfg = Release|Any CPU
		{77B06803-22BA-4C6F-B95D-AF0A646C958C}.Release|Any CPU.Build.0 = Release|Any CPU
	EndGlobalSection
	GlobalSection(SolutionProperties) = preSolution
		HideSolutionNode = FALSE
	EndGlobalSection
	GlobalSection(ExtensibilityGlobals) = postSolution
		SolutionGuid = {D5559A1A-863B-4CBC-9421-F6CE39834C7C}
	EndGlobalSection
EndGlobal
